// !$*UTF8*$!
{
	archiveVersion = 1;
	classes = {
	};
	objectVersion = 46;
	objects = {

/* Begin PBXBuildFile section */
		EE0A98C71DF5E6CF00762FE3 /* AppDelegate.swift in Sources */ = {isa = PBXBuildFile; fileRef = EE0A98C61DF5E6CF00762FE3 /* AppDelegate.swift */; };
		EE0A98C91DF5E6CF00762FE3 /* ViewController.swift in Sources */ = {isa = PBXBuildFile; fileRef = EE0A98C81DF5E6CF00762FE3 /* ViewController.swift */; };
		EE0A98CC1DF5E6CF00762FE3 /* Main.storyboard in Resources */ = {isa = PBXBuildFile; fileRef = EE0A98CA1DF5E6CF00762FE3 /* Main.storyboard */; };
		EE0A98CE1DF5E6D000762FE3 /* Assets.xcassets in Resources */ = {isa = PBXBuildFile; fileRef = EE0A98CD1DF5E6D000762FE3 /* Assets.xcassets */; };
		EE0A98D11DF5E6D000762FE3 /* LaunchScreen.storyboard in Resources */ = {isa = PBXBuildFile; fileRef = EE0A98CF1DF5E6D000762FE3 /* LaunchScreen.storyboard */; };
		EE0A98D91DF5FBC100762FE3 /* Model.swift in Sources */ = {isa = PBXBuildFile; fileRef = EE0A98D81DF5FBC100762FE3 /* Model.swift */; };
/* End PBXBuildFile section */

/* Begin PBXFileReference section */
		EE0A98C31DF5E6CF00762FE3 /* GitMaster.app */ = {isa = PBXFileReference; explicitFileType = wrapper.application; includeInIndex = 0; path = GitMaster.app; sourceTree = BUILT_PRODUCTS_DIR; };
		EE0A98C61DF5E6CF00762FE3 /* AppDelegate.swift */ = {isa = PBXFileReference; lastKnownFileType = sourcecode.swift; path = AppDelegate.swift; sourceTree = "<group>"; };
		EE0A98C81DF5E6CF00762FE3 /* ViewController.swift */ = {isa = PBXFileReference; lastKnownFileType = sourcecode.swift; path = ViewController.swift; sourceTree = "<group>"; };
		EE0A98CB1DF5E6CF00762FE3 /* Base */ = {isa = PBXFileReference; lastKnownFileType = file.storyboard; name = Base; path = Base.lproj/Main.storyboard; sourceTree = "<group>"; };
		EE0A98CD1DF5E6D000762FE3 /* Assets.xcassets */ = {isa = PBXFileReference; lastKnownFileType = folder.assetcatalog; path = Assets.xcassets; sourceTree = "<group>"; };
		EE0A98D01DF5E6D000762FE3 /* Base */ = {isa = PBXFileReference; lastKnownFileType = file.storyboard; name = Base; path = Base.lproj/LaunchScreen.storyboard; sourceTree = "<group>"; };
		EE0A98D21DF5E6D000762FE3 /* Info.plist */ = {isa = PBXFileReference; lastKnownFileType = text.plist.xml; path = Info.plist; sourceTree = "<group>"; };
		EE0A98D81DF5FBC100762FE3 /* Model.swift */ = {isa = PBXFileReference; fileEncoding = 4; lastKnownFileType = sourcecode.swift; path = Model.swift; sourceTree = "<group>"; };
/* End PBXFileReference section */

/* Begin PBXFrameworksBuildPhase section */
		EE0A98C01DF5E6CF00762FE3 /* Frameworks */ = {
			isa = PBXFrameworksBuildPhase;
			buildActionMask = 2147483647;
			files = (
			);
			runOnlyForDeploymentPostprocessing = 0;
		};
/* End PBXFrameworksBuildPhase section */

/* Begin PBXGroup section */
		EE0A98BA1DF5E6CF00762FE3 = {
			isa = PBXGroup;
			children = (
				EE0A98C51DF5E6CF00762FE3 /* GitMaster */,
				EE0A98C41DF5E6CF00762FE3 /* Products */,
			);
			sourceTree = "<group>";
		};
		EE0A98C41DF5E6CF00762FE3 /* Products */ = {
			isa = PBXGroup;
			children = (
				EE0A98C31DF5E6CF00762FE3 /* GitMaster.app */,
			);
			name = Products;
			sourceTree = "<group>";
		};
		EE0A98C51DF5E6CF00762FE3 /* GitMaster */ = {
			isa = PBXGroup;
			children = (
				EE0A98C61DF5E6CF00762FE3 /* AppDelegate.swift */,
				EE0A98C81DF5E6CF00762FE3 /* ViewController.swift */,
				EE0A98CA1DF5E6CF00762FE3 /* Main.storyboard */,
				EE0A98CD1DF5E6D000762FE3 /* Assets.xcassets */,
				EE0A98CF1DF5E6D000762FE3 /* LaunchScreen.storyboard */,
				EE0A98D21DF5E6D000762FE3 /* Info.plist */,
				EE0A98D81DF5FBC100762FE3 /* Model.swift */,
			);
			path = GitMaster;
			sourceTree = "<group>";
		};
/* End PBXGroup section */

/* Begin PBXNativeTarget section */
		EE0A98C21DF5E6CF00762FE3 /* GitMaster */ = {
			isa = PBXNativeTarget;
			buildConfigurationList = EE0A98D51DF5E6D000762FE3 /* Build configuration list for PBXNativeTarget "GitMaster" */;
			buildPhases = (
				EE0A98BF1DF5E6CF00762FE3 /* Sources */,
				EE0A98C01DF5E6CF00762FE3 /* Frameworks */,
				EE0A98C11DF5E6CF00762FE3 /* Resources */,
			);
			buildRules = (
			);
			dependencies = (
			);
			name = GitMaster;
			productName = GitMaster;
			productReference = EE0A98C31DF5E6CF00762FE3 /* GitMaster.app */;
			productType = "com.apple.product-type.application";
		};
/* End PBXNativeTarget section */

/* Begin PBXProject section */
		EE0A98BB1DF5E6CF00762FE3 /* Project object */ = {
			isa = PBXProject;
			attributes = {
				LastSwiftUpdateCheck = 0810;
				LastUpgradeCheck = 0810;
				ORGANIZATIONNAME = "Matt Tripodi";
				TargetAttributes = {
					EE0A98C21DF5E6CF00762FE3 = {
						CreatedOnToolsVersion = 8.1;
						ProvisioningStyle = Automatic;
					};
				};
			};
			buildConfigurationList = EE0A98BE1DF5E6CF00762FE3 /* Build configuration list for PBXProject "GitMaster" */;
			compatibilityVersion = "Xcode 3.2";
			developmentRegion = English;
			hasScannedForEncodings = 0;
			knownRegions = (
				en,
				Base,
			);
			mainGroup = EE0A98BA1DF5E6CF00762FE3;
			productRefGroup = EE0A98C41DF5E6CF00762FE3 /* Products */;
			projectDirPath = "";
			projectRoot = "";
			targets = (
				EE0A98C21DF5E6CF00762FE3 /* GitMaster */,
			);
		};
/* End PBXProject section */

/* Begin PBXResourcesBuildPhase section */
		EE0A98C11DF5E6CF00762FE3 /* Resources */ = {
			isa = PBXResourcesBuildPhase;
			buildActionMask = 2147483647;
			files = (
				EE0A98D11DF5E6D000762FE3 /* LaunchScreen.storyboard in Resources */,
				EE0A98CE1DF5E6D000762FE3 /* Assets.xcassets in Resources */,
				EE0A98CC1DF5E6CF00762FE3 /* Main.storyboard in Resources */,
			);
			runOnlyForDeploymentPostprocessing = 0;
		};
/* End PBXResourcesBuildPhase section */

/* Begin PBXSourcesBuildPhase section */
		EE0A98BF1DF5E6CF00762FE3 /* Sources */ = {
			isa = PBXSourcesBuildPhase;
			buildActionMask = 2147483647;
			files = (
				EE0A98D91DF5FBC100762FE3 /* Model.swift in Sources */,
				EE0A98C91DF5E6CF00762FE3 /* ViewController.swift in Sources */,
				EE0A98C71DF5E6CF00762FE3 /* AppDelegate.swift in Sources */,
			);
			runOnlyForDeploymentPostprocessing = 0;
		};
/* End PBXSourcesBuildPhase section */

/* Begin PBXVariantGroup section */
		EE0A98CA1DF5E6CF00762FE3 /* Main.storyboard */ = {
			isa = PBXVariantGroup;
			children = (
				EE0A98CB1DF5E6CF00762FE3 /* Base */,
			);
			name = Main.storyboard;
			sourceTree = "<group>";
		};
		EE0A98CF1DF5E6D000762FE3 /* LaunchScreen.storyboard */ = {
			isa = PBXVariantGroup;
			children = (
				EE0A98D01DF5E6D000762FE3 /* Base */,
			);
			name = LaunchScreen.storyboard;
			sourceTree = "<group>";
		};
/* End PBXVariantGroup section */

/* Begin XCBuildConfiguration section */
		EE0A98D31DF5E6D000762FE3 /* Debug */ = {
			isa = XCBuildConfiguration;
			buildSettings = {
				ALWAYS_SEARCH_USER_PATHS = NO;
				CLANG_ANALYZER_NONNULL = YES;
				CLANG_CXX_LANGUAGE_STANDARD = "gnu++0x";
				CLANG_CXX_LIBRARY = "libc++";
				CLANG_ENABLE_MODULES = YES;
				CLANG_ENABLE_OBJC_ARC = YES;
				CLANG_WARN_BOOL_CONVERSION = YES;
				CLANG_WARN_CONSTANT_CONVERSION = YES;
				CLANG_WARN_DIRECT_OBJC_ISA_USAGE = YES_ERROR;
				CLANG_WARN_DOCUMENTATION_COMMENTS = YES;
				CLANG_WARN_EMPTY_BODY = YES;
				CLANG_WARN_ENUM_CONVERSION = YES;
				CLANG_WARN_INFINITE_RECURSION = YES;
				CLANG_WARN_INT_CONVERSION = YES;
				CLANG_WARN_OBJC_ROOT_CLASS = YES_ERROR;
				CLANG_WARN_SUSPICIOUS_MOVES = YES;
				CLANG_WARN_UNREACHABLE_CODE = YES;
				CLANG_WARN__DUPLICATE_METHOD_MATCH = YES;
				"CODE_SIGN_IDENTITY[sdk=iphoneos*]" = "iPhone Developer";
				COPY_PHASE_STRIP = NO;
				DEBUG_INFORMATION_FORMAT = dwarf;
				ENABLE_STRICT_OBJC_MSGSEND = YES;
				ENABLE_TESTABILITY = YES;
				GCC_C_LANGUAGE_STANDARD = gnu99;
				GCC_DYNAMIC_NO_PIC = NO;
				GCC_NO_COMMON_BLOCKS = YES;
				GCC_OPTIMIZATION_LEVEL = 0;
				GCC_PREPROCESSOR_DEFINITIONS = (
					"DEBUG=1",
					"$(inherited)",
				);
				GCC_WARN_64_TO_32_BIT_CONVERSION = YES;
				GCC_WARN_ABOUT_RETURN_TYPE = YES_ERROR;
				GCC_WARN_UNDECLARED_SELECTOR = YES;
				GCC_WARN_UNINITIALIZED_AUTOS = YES_AGGRESSIVE;
				GCC_WARN_UNUSED_FUNCTION = YES;
				GCC_WARN_UNUSED_VARIABLE = YES;
				IPHONEOS_DEPLOYMENT_TARGET = 10.1;
				MTL_ENABLE_DEBUG_INFO = YES;
				ONLY_ACTIVE_ARCH = YES;
				SDKROOT = iphoneos;
				SWIFT_ACTIVE_COMPILATION_CONDITIONS = DEBUG;
				SWIFT_OPTIMIZATION_LEVEL = "-Onone";
				TARGETED_DEVICE_FAMILY = "1,2";
			};
			name = Debug;
		};
		EE0A98D41DF5E6D000762FE3 /* Release */ = {
			isa = XCBuildConfiguration;
			buildSettings = {
				ALWAYS_SEARCH_USER_PATHS = NO;
				CLANG_ANALYZER_NONNULL = YES;
				CLANG_CXX_LANGUAGE_STANDARD = "gnu++0x";
				CLANG_CXX_LIBRARY = "libc++";
				CLANG_ENABLE_MODULES = YES;
				CLANG_ENABLE_OBJC_ARC = YES;
				CLANG_WARN_BOOL_CONVERSION = YES;
				CLANG_WARN_CONSTANT_CONVERSION = YES;
				CLANG_WARN_DIRECT_OBJC_ISA_USAGE = YES_ERROR;
				CLANG_WARN_DOCUMENTATION_COMMENTS = YES;
				CLANG_WARN_EMPTY_BODY = YES;
				CLANG_WARN_ENUM_CONVERSION = YES;
				CLANG_WARN_INFINITE_RECURSION = YES;
				CLANG_WARN_INT_CONVERSION = YES;
				CLANG_WARN_OBJC_ROOT_CLASS = YES_ERROR;
				CLANG_WARN_SUSPICIOUS_MOVES = YES;
				CLANG_WARN_UNREACHABLE_CODE = YES;
				CLANG_WARN__DUPLICATE_METHOD_MATCH = YES;
				"CODE_SIGN_IDENTITY[sdk=iphoneos*]" = "iPhone Developer";
				COPY_PHASE_STRIP = NO;
				DEBUG_INFORMATION_FORMAT = "dwarf-with-dsym";
				ENABLE_NS_ASSERTIONS = NO;
				ENABLE_STRICT_OBJC_MSGSEND = YES;
				GCC_C_LANGUAGE_STANDARD = gnu99;
				GCC_NO_COMMON_BLOCKS = YES;
				GCC_WARN_64_TO_32_BIT_CONVERSION = YES;
				GCC_WARN_ABOUT_RETURN_TYPE = YES_ERROR;
				GCC_WARN_UNDECLARED_SELECTOR = YES;
				GCC_WARN_UNINITIALIZED_AUTOS = YES_AGGRESSIVE;
				GCC_WARN_UNUSED_FUNCTION = YES;
				GCC_WARN_UNUSED_VARIABLE = YES;
				IPHONEOS_DEPLOYMENT_TARGET = 10.1;
				MTL_ENABLE_DEBUG_INFO = NO;
				SDKROOT = iphoneos;
				SWIFT_OPTIMIZATION_LEVEL = "-Owholemodule";
				TARGETED_DEVICE_FAMILY = "1,2";
				VALIDATE_PRODUCT = YES;
			};
			name = Release;
		};
		EE0A98D61DF5E6D000762FE3 /* Debug */ = {
			isa = XCBuildConfiguration;
			buildSettings = {
				ASSETCATALOG_COMPILER_APPICON_NAME = AppIcon;
				INFOPLIST_FILE = GitMaster/Info.plist;
				LD_RUNPATH_SEARCH_PATHS = "$(inherited) @executable_path/Frameworks";
				PRODUCT_BUNDLE_IDENTIFIER = com.matttripodi.GitMaster;
				PRODUCT_NAME = "$(TARGET_NAME)";
				SWIFT_VERSION = 3.0;
			};
			name = Debug;
		};
		EE0A98D71DF5E6D000762FE3 /* Release */ = {
			isa = XCBuildConfiguration;
			buildSettings = {
				ASSETCATALOG_COMPILER_APPICON_NAME = AppIcon;
				INFOPLIST_FILE = GitMaster/Info.plist;
				LD_RUNPATH_SEARCH_PATHS = "$(inherited) @executable_path/Frameworks";
				PRODUCT_BUNDLE_IDENTIFIER = com.matttripodi.GitMaster;
				PRODUCT_NAME = "$(TARGET_NAME)";
				SWIFT_VERSION = 3.0;
			};
			name = Release;
		};
/* End XCBuildConfiguration section */

/* Begin XCConfigurationList section */
		EE0A98BE1DF5E6CF00762FE3 /* Build configuration list for PBXProject "GitMaster" */ = {
			isa = XCConfigurationList;
			buildConfigurations = (
				EE0A98D31DF5E6D000762FE3 /* Debug */,
				EE0A98D41DF5E6D000762FE3 /* Release */,
			);
			defaultConfigurationIsVisible = 0;
			defaultConfigurationName = Release;
		};
		EE0A98D51DF5E6D000762FE3 /* Build configuration list for PBXNativeTarget "GitMaster" */ = {
			isa = XCConfigurationList;
			buildConfigurations = (
				EE0A98D61DF5E6D000762FE3 /* Debug */,
				EE0A98D71DF5E6D000762FE3 /* Release */,
			);
			defaultConfigurationIsVisible = 0;
		};
/* End XCConfigurationList section */
	};
	rootObject = EE0A98BB1DF5E6CF00762FE3 /* Project object */;
}
